Microsoft Visual Studio Solution File, Format Version 12.00
# Visual Studio Version 17
VisualStudioVersion = 17.0.31912.275
MinimumVisualStudioVersion = 10.0.40219.1
Project("{FAE04EC0-301F-11D3-BF4B-00C04F79EFBC}") = "GSADUs.Revit.App", "src\GSADUs.Revit.App\GSADUs.Revit.App.csproj", "{8F0A0000-0000-4000-9000-000000000002}"
EndProject
Project("{FAE04EC0-301F-11D3-BF4B-00C04F79EFBC}") = "GSADUs.Revit.Commands", "src\GSADUs.Revit.Commands\GSADUs.Revit.Commands.csproj", "{8F0A0000-0000-4000-9000-000000000001}"
EndProject
Project("{FAE04EC0-301F-11D3-BF4B-00C04F79EFBC}") = "GSADUs.Core", "src\GSADUs.Core\GSADUs.Core.csproj", "{B8159208-83C7-4CA7-ADE8-FD5DD639D80E}"
EndProject
Project("{2150E333-8FDC-42A3-9474-1A3956D46DE8}") = "Solution Items", "Solution Items", "{8EC462FD-D22E-90A8-E5CE-7E832BA40C5D}"
	ProjectSection(SolutionItems) = preProject
		README_RevitBatchExport.md = README_RevitBatchExport.md
	EndProjectSection
EndProject
Global
	GlobalSection(SolutionConfigurationPlatforms) = preSolution
		Debug|x64 = Debug|x64
		Release|x64 = Release|x64
	EndGlobalSection
	GlobalSection(ProjectConfigurationPlatforms) = postSolution
		{8F0A0000-0000-4000-9000-000000000002}.Debug|x64.ActiveCfg = Debug|x64
		{8F0A0000-0000-4000-9000-000000000002}.Debug|x64.Build.0 = Debug|x64
		{8F0A0000-0000-4000-9000-000000000002}.Release|x64.ActiveCfg = Release|x64
		{8F0A0000-0000-4000-9000-000000000002}.Release|x64.Build.0 = Release|x64
		{8F0A0000-0000-4000-9000-000000000001}.Debug|x64.ActiveCfg = Debug|x64
		{8F0A0000-0000-4000-9000-000000000001}.Debug|x64.Build.0 = Debug|x64
		{8F0A0000-0000-4000-9000-000000000001}.Release|x64.ActiveCfg = Release|x64
		{8F0A0000-0000-4000-9000-000000000001}.Release|x64.Build.0 = Release|x64
		{B8159208-83C7-4CA7-ADE8-FD5DD639D80E}.Debug|x64.ActiveCfg = Debug|x64
		{B8159208-83C7-4CA7-ADE8-FD5DD639D80E}.Debug|x64.Build.0 = Debug|x64
		{B8159208-83C7-4CA7-ADE8-FD5DD639D80E}.Release|x64.ActiveCfg = Release|x64
		{B8159208-83C7-4CA7-ADE8-FD5DD639D80E}.Release|x64.Build.0 = Release|x64
	EndGlobalSection
	GlobalSection(SolutionProperties) = preSolution
		HideSolutionNode = FALSE
	EndGlobalSection
	GlobalSection(ExtensibilityGlobals) = postSolution
		SolutionGuid = {363692AC-5D8A-41D9-9414-FFC713B85747}
	EndGlobalSection
EndGlobal
